
Microsoft Visual Studio Solution File, Format Version 12.00
# Visual Studio 15
VisualStudioVersion = 15.0.28307.489
MinimumVisualStudioVersion = 10.0.40219.1
Project("{FAE04EC0-301F-11D3-BF4B-00C04F79EFBC}") = "L2", "L2\L2.csproj", "{38AF035D-49BB-4810-9796-CB3D39927956}"
EndProject
Global
	GlobalSection(SolutionConfigurationPlatforms) = preSolution
		Debug|Any CPU = Debug|Any CPU
		Release|Any CPU = Release|Any CPU
	EndGlobalSection
	GlobalSection(ProjectConfigurationPlatforms) = postSolution
		{38AF035D-49BB-4810-9796-CB3D39927956}.Debug|Any CPU.ActiveCfg = Debug|Any CPU
		{38AF035D-49BB-4810-9796-CB3D39927956}.Debug|Any CPU.Build.0 = Debug|Any CPU
		{38AF035D-49BB-4810-9796-CB3D39927956}.Release|Any CPU.ActiveCfg = Release|Any CPU
		{38AF035D-49BB-4810-9796-CB3D39927956}.Release|Any CPU.Build.0 = Release|Any CPU
	EndGlobalSection
	GlobalSection(SolutionProperties) = preSolution
		HideSolutionNode = FALSE
	EndGlobalSection
	GlobalSection(ExtensibilityGlobals) = postSolution
		SolutionGuid = {B92F5B5B-4850-4F9F-ADC2-1D58777562FF}
	EndGlobalSection
EndGlobal
